<?xml version="1.0" encoding="utf-8"?>
<Project ToolsVersion="4.0" xmlns="http://schemas.microsoft.com/developer/msbuild/2003">
  <ItemGroup>
    <Filter Include="Script">
      <UniqueIdentifier>{585f2ba7-813f-4532-9a95-b2967ae06511}</UniqueIdentifier>
    </Filter>
    <Filter Include="Default">
      <UniqueIdentifier>{6546fd48-44d9-4960-9249-56cca8c1ccc0}</UniqueIdentifier>
    </Filter>
    <Filter Include="ScriptMgr">
      <UniqueIdentifier>{78d2676d-e9d6-47ca-8d90-52e8d457d264}</UniqueIdentifier>
    </Filter>
    <Filter Include="Script\FSM">
      <UniqueIdentifier>{80e8bac6-b0ea-47f6-b85f-67615c9ef340}</UniqueIdentifier>
    </Filter>
    <Filter Include="Script\FSM\Trigger">
      <UniqueIdentifier>{b68f658c-1d32-4152-ab79-dca001d41b0b}</UniqueIdentifier>
    </Filter>
    <Filter Include="Script\FSM\State">
      <UniqueIdentifier>{3c95a660-bd78-4c3d-bcb6-f37dfebb9003}</UniqueIdentifier>
    </Filter>
    <Filter Include="Script\FSM\State\Champ">
      <UniqueIdentifier>{7e1b7d68-ad79-48b4-be72-d40cfe0d1887}</UniqueIdentifier>
    </Filter>
    <Filter Include="Script\FSM\State\Monster">
      <UniqueIdentifier>{21b19678-79f6-4c07-9317-c162d05061a8}</UniqueIdentifier>
    </Filter>
    <Filter Include="Script\FSM\State\Champ\Attrox">
      <UniqueIdentifier>{5a7e36f4-a8fa-42ff-b0ea-3915b7817d9f}</UniqueIdentifier>
    </Filter>
    <Filter Include="Script\FSM\Machine">
      <UniqueIdentifier>{5bef7208-e904-42e1-8012-07b193abea9c}</UniqueIdentifier>
    </Filter>
    <Filter Include="Script\FSM\Machine\Champ">
      <UniqueIdentifier>{5d9e1ae7-68f2-427b-a218-7b55ce243d08}</UniqueIdentifier>
    </Filter>
    <Filter Include="Script\FSM\Machine\Monster">
      <UniqueIdentifier>{e2897c22-9b6b-4960-b607-e4472dcf5501}</UniqueIdentifier>
    </Filter>
    <Filter Include="Script\FSM\Machine\Champ\Attrox">
      <UniqueIdentifier>{530ec527-3355-45db-b0ed-68c8de113f83}</UniqueIdentifier>
    </Filter>
    <Filter Include="Script\FSM\State\Champ\Attrox\Battle">
      <UniqueIdentifier>{2877a741-006a-47c3-be7e-8ea4ed53e092}</UniqueIdentifier>
    </Filter>
    <Filter Include="Script\FSM\State\Champ\Attrox\Normal">
      <UniqueIdentifier>{16dd3046-04df-4a0d-b372-c9a0ce0024f9}</UniqueIdentifier>
    </Filter>
    <Filter Include="Script\FSM\State\Champ\Attrox\Ult">
      <UniqueIdentifier>{6afa1a1a-605e-475f-aaad-50a69dc21498}</UniqueIdentifier>
    </Filter>
    <Filter Include="Script\Tile">
      <UniqueIdentifier>{c5f86bfa-85b4-4299-869b-d906a44be9cc}</UniqueIdentifier>
    </Filter>
    <Filter Include="Manager">
      <UniqueIdentifier>{bf2c7adc-fc52-4568-a3a5-0bd3cf0d2a58}</UniqueIdentifier>
    </Filter>
    <Filter Include="Manager\Tile">
      <UniqueIdentifier>{ff3a5944-8f87-4851-96ba-4ad0278b7e2b}</UniqueIdentifier>
    </Filter>
    <Filter Include="Script\Cursor">
      <UniqueIdentifier>{b772d50e-a21b-4858-8199-d9aede909f55}</UniqueIdentifier>
    </Filter>
    <Filter Include="Script\Player">
      <UniqueIdentifier>{4d229760-2d45-482f-ba64-510cb4c4653b}</UniqueIdentifier>
    </Filter>
    <Filter Include="Manager\A%2a">
      <UniqueIdentifier>{71b5730c-c4dd-4b31-842c-9934d7daf935}</UniqueIdentifier>
    </Filter>
    <Filter Include="Manager\Game">
      <UniqueIdentifier>{be97edd6-4e9d-4a86-9435-8e65a1a4b8bf}</UniqueIdentifier>
    </Filter>
    <Filter Include="Script\Item">
      <UniqueIdentifier>{06161706-8197-4955-99dd-974219c42e00}</UniqueIdentifier>
    </Filter>
    <Filter Include="Script\Item\Character">
      <UniqueIdentifier>{a4701cb8-12ee-435f-8abb-a0a70e1efdb3}</UniqueIdentifier>
    </Filter>
  </ItemGroup>
  <ItemGroup>
    <ClInclude Include="CCameraMoveScript.h">
      <Filter>Script</Filter>
    </ClInclude>
    <ClInclude Include="CMissileScript.h">
      <Filter>Script</Filter>
    </ClInclude>
    <ClInclude Include="CMonsterScript.h">
      <Filter>Script</Filter>
    </ClInclude>
    <ClInclude Include="framework.h">
      <Filter>Default</Filter>
    </ClInclude>
    <ClInclude Include="pch.h">
      <Filter>Default</Filter>
    </ClInclude>
    <ClInclude Include="CScriptMgr.h">
      <Filter>ScriptMgr</Filter>
    </ClInclude>
    <ClInclude Include="CGravityScript.h">
      <Filter>Script</Filter>
    </ClInclude>
    <ClInclude Include="CTestScript.h">
      <Filter>Script</Filter>
    </ClInclude>
    <ClInclude Include="CCharacterTrigger.h">
      <Filter>Script\FSM\Trigger</Filter>
    </ClInclude>
    <ClInclude Include="CCharacterState.h">
      <Filter>Script\FSM\State</Filter>
    </ClInclude>
    <ClInclude Include="CState.h">
      <Filter>Script\FSM\State</Filter>
    </ClInclude>
    <ClInclude Include="CTrigger.h">
      <Filter>Script\FSM\Trigger</Filter>
    </ClInclude>
    <ClInclude Include="CStateMachineScript.h">
      <Filter>Script\FSM\Machine</Filter>
    </ClInclude>
    <ClInclude Include="CAttroxMachineScript.h">
      <Filter>Script\FSM\Machine\Champ\Attrox</Filter>
    </ClInclude>
    <ClInclude Include="CAttroxBattleAttack.h">
      <Filter>Script\FSM\State\Champ\Attrox\Battle</Filter>
    </ClInclude>
    <ClInclude Include="CAttroxBattleIdle.h">
      <Filter>Script\FSM\State\Champ\Attrox\Battle</Filter>
    </ClInclude>
    <ClInclude Include="CAttroxBattleMove.h">
      <Filter>Script\FSM\State\Champ\Attrox\Battle</Filter>
    </ClInclude>
    <ClInclude Include="CAttroxNormalIdle.h">
      <Filter>Script\FSM\State\Champ\Attrox\Normal</Filter>
    </ClInclude>
    <ClInclude Include="CAttroxUltIdle.h">
      <Filter>Script\FSM\State\Champ\Attrox\Ult</Filter>
    </ClInclude>
    <ClInclude Include="CAttroxDance.h">
      <Filter>Script\FSM\State\Champ\Attrox\Normal</Filter>
    </ClInclude>
    <ClInclude Include="CAttroxUltMove.h">
      <Filter>Script\FSM\State\Champ\Attrox\Ult</Filter>
    </ClInclude>
    <ClInclude Include="CAttroxUltAttack.h">
      <Filter>Script\FSM\State\Champ\Attrox\Ult</Filter>
    </ClInclude>
    <ClInclude Include="CharacterInfo.h">
      <Filter>Script\Item\Character</Filter>
    </ClInclude>
    <ClInclude Include="CBaseCharacterScript.h">
      <Filter>Script\Item\Character</Filter>
    </ClInclude>
    <ClInclude Include="CTileScript.h">
      <Filter>Script\Tile</Filter>
    </ClInclude>
    <ClInclude Include="CTileMgr.h">
      <Filter>Manager\Tile</Filter>
    </ClInclude>
    <ClInclude Include="CCursor.h">
      <Filter>Script\Cursor</Filter>
    </ClInclude>
    <ClInclude Include="CPlayerScript.h">
      <Filter>Script\Player</Filter>
    </ClInclude>
    <ClInclude Include="CAStarMgr.h">
      <Filter>Manager\A%2a</Filter>
    </ClInclude>
    <ClInclude Include="CGame.h">
      <Filter>Manager\Game</Filter>
    </ClInclude>
    <ClInclude Include="CGameMgr.h">
      <Filter>Manager\Game</Filter>
    </ClInclude>
    <ClInclude Include="define.h">
      <Filter>Default</Filter>
    </ClInclude>
    <ClInclude Include="CItem.h">
      <Filter>Script\Item</Filter>
    </ClInclude>
  </ItemGroup>
  <ItemGroup>
    <ClCompile Include="CCameraMoveScript.cpp">
      <Filter>Script</Filter>
    </ClCompile>
    <ClCompile Include="CMissileScript.cpp">
      <Filter>Script</Filter>
    </ClCompile>
    <ClCompile Include="CMonsterScript.cpp">
      <Filter>Script</Filter>
    </ClCompile>
    <ClCompile Include="pch.cpp">
      <Filter>Default</Filter>
    </ClCompile>
    <ClCompile Include="Script.cpp">
      <Filter>Default</Filter>
    </ClCompile>
    <ClCompile Include="CScriptMgr.cpp">
      <Filter>ScriptMgr</Filter>
    </ClCompile>
    <ClCompile Include="CGravityScript.cpp">
      <Filter>Script</Filter>
    </ClCompile>
    <ClCompile Include="CTestScript.cpp">
      <Filter>Script</Filter>
    </ClCompile>
    <ClCompile Include="CCharacterTrigger.cpp">
      <Filter>Script\FSM\Trigger</Filter>
    </ClCompile>
    <ClCompile Include="CCharacterState.cpp">
      <Filter>Script\FSM\State</Filter>
    </ClCompile>
    <ClCompile Include="CState.cpp">
      <Filter>Script\FSM\State</Filter>
    </ClCompile>
    <ClCompile Include="CTrigger.cpp">
      <Filter>Script\FSM\Trigger</Filter>
    </ClCompile>
    <ClCompile Include="CStateMachineScript.cpp">
      <Filter>Script\FSM\Machine</Filter>
    </ClCompile>
    <ClCompile Include="CAttroxMachineScript.cpp">
      <Filter>Script\FSM\Machine\Champ\Attrox</Filter>
    </ClCompile>
    <ClCompile Include="CAttroxBattleAttack.cpp">
      <Filter>Script\FSM\State\Champ\Attrox\Battle</Filter>
    </ClCompile>
    <ClCompile Include="CAttroxBattleIdle.cpp">
      <Filter>Script\FSM\State\Champ\Attrox\Battle</Filter>
    </ClCompile>
    <ClCompile Include="CAttroxBattleMove.cpp">
      <Filter>Script\FSM\State\Champ\Attrox\Battle</Filter>
    </ClCompile>
    <ClCompile Include="CAttroxNormalIdle.cpp">
      <Filter>Script\FSM\State\Champ\Attrox\Normal</Filter>
    </ClCompile>
    <ClCompile Include="CAttroxUltIdle.cpp">
      <Filter>Script\FSM\State\Champ\Attrox\Ult</Filter>
    </ClCompile>
    <ClCompile Include="CAttroxDance.cpp">
      <Filter>Script\FSM\State\Champ\Attrox\Normal</Filter>
    </ClCompile>
    <ClCompile Include="CAttroxUltMove.cpp">
      <Filter>Script\FSM\State\Champ\Attrox\Ult</Filter>
    </ClCompile>
    <ClCompile Include="CAttroxUltAttack.cpp">
      <Filter>Script\FSM\State\Champ\Attrox\Ult</Filter>
    </ClCompile>
    <ClCompile Include="CBaseCharacterScript.cpp">
      <Filter>Script\Item\Character</Filter>
    </ClCompile>
    <ClCompile Include="CTileScript.cpp">
      <Filter>Script\Tile</Filter>
    </ClCompile>
    <ClCompile Include="CTileMgr.cpp">
      <Filter>Manager\Tile</Filter>
    </ClCompile>
    <ClCompile Include="CCursor.cpp">
      <Filter>Script\Cursor</Filter>
    </ClCompile>
    <ClCompile Include="CPlayerScript.cpp">
      <Filter>Script\Player</Filter>
    </ClCompile>
    <ClCompile Include="CAStarMgr.cpp">
      <Filter>Manager\A%2a</Filter>
    </ClCompile>
    <ClCompile Include="CGame.cpp">
      <Filter>Manager\Game</Filter>
    </ClCompile>
    <ClCompile Include="CGameMgr.cpp">
      <Filter>Manager\Game</Filter>
    </ClCompile>
    <ClCompile Include="CItem.cpp">
      <Filter>Script\Item</Filter>
    </ClCompile>
  </ItemGroup>
</Project>